// !$*UTF8*$!
{
	archiveVersion = 1;
	classes = {
	};
	objectVersion = 46;
	objects = {

/* Begin PBXBuildFile section */
		415D771B243997AD00874F28 /* maxtouchToolTests.mm in Sources */ = {isa = PBXBuildFile; fileRef = 415D771A243997AD00874F28 /* maxtouchToolTests.mm */; };
		41887E1A2A701A8A006D1845 /* MCShadowComposer.cpp in Sources */ = {isa = PBXBuildFile; fileRef = 41887E182A701A8A006D1845 /* MCShadowComposer.cpp */; };
		41887E1B2A701A8A006D1845 /* MCShadowComposer.cpp in Sources */ = {isa = PBXBuildFile; fileRef = 41887E182A701A8A006D1845 /* MCShadowComposer.cpp */; };
		41887E1E2A701AD5006D1845 /* MCImage.cpp in Sources */ = {isa = PBXBuildFile; fileRef = 41887E1C2A701AD5006D1845 /* MCImage.cpp */; };
		41887E1F2A701AD5006D1845 /* MCImage.cpp in Sources */ = {isa = PBXBuildFile; fileRef = 41887E1C2A701AD5006D1845 /* MCImage.cpp */; };
		41887E212A701F56006D1845 /* SCBase_s0.png in Resources */ = {isa = PBXBuildFile; fileRef = 41887E202A701F56006D1845 /* SCBase_s0.png */; };
		41887E222A701F56006D1845 /* SCBase_s0.png in Resources */ = {isa = PBXBuildFile; fileRef = 41887E202A701F56006D1845 /* SCBase_s0.png */; };
		41887E352A7020FB006D1845 /* json_writer.cpp in Sources */ = {isa = PBXBuildFile; fileRef = 41887E242A7020FB006D1845 /* json_writer.cpp */; };
		41887E362A7020FB006D1845 /* json_writer.cpp in Sources */ = {isa = PBXBuildFile; fileRef = 41887E242A7020FB006D1845 /* json_writer.cpp */; };
		41887E372A7020FB006D1845 /* json_internalmap.inl in Resources */ = {isa = PBXBuildFile; fileRef = 41887E252A7020FB006D1845 /* json_internalmap.inl */; };
		41887E382A7020FB006D1845 /* json_internalmap.inl in Resources */ = {isa = PBXBuildFile; fileRef = 41887E252A7020FB006D1845 /* json_internalmap.inl */; };
		41887E392A7020FB006D1845 /* json_reader.cpp in Sources */ = {isa = PBXBuildFile; fileRef = 41887E262A7020FB006D1845 /* json_reader.cpp */; };
		41887E3A2A7020FB006D1845 /* json_reader.cpp in Sources */ = {isa = PBXBuildFile; fileRef = 41887E262A7020FB006D1845 /* json_reader.cpp */; };
		41887E3B2A7020FB006D1845 /* sconscript in Resources */ = {isa = PBXBuildFile; fileRef = 41887E312A7020FB006D1845 /* sconscript */; };
		41887E3C2A7020FB006D1845 /* sconscript in Resources */ = {isa = PBXBuildFile; fileRef = 41887E312A7020FB006D1845 /* sconscript */; };
		41887E3D2A7020FB006D1845 /* json_value.cpp in Sources */ = {isa = PBXBuildFile; fileRef = 41887E322A7020FB006D1845 /* json_value.cpp */; };
		41887E3E2A7020FB006D1845 /* json_value.cpp in Sources */ = {isa = PBXBuildFile; fileRef = 41887E322A7020FB006D1845 /* json_value.cpp */; };
		41887E3F2A7020FB006D1845 /* json_valueiterator.inl in Resources */ = {isa = PBXBuildFile; fileRef = 41887E332A7020FB006D1845 /* json_valueiterator.inl */; };
		41887E402A7020FB006D1845 /* json_valueiterator.inl in Resources */ = {isa = PBXBuildFile; fileRef = 41887E332A7020FB006D1845 /* json_valueiterator.inl */; };
		41887E412A7020FB006D1845 /* json_internalarray.inl in Resources */ = {isa = PBXBuildFile; fileRef = 41887E342A7020FB006D1845 /* json_internalarray.inl */; };
		41887E422A7020FB006D1845 /* json_internalarray.inl in Resources */ = {isa = PBXBuildFile; fileRef = 41887E342A7020FB006D1845 /* json_internalarray.inl */; };
		41887E452A702289006D1845 /* MCLightComposer.cpp in Sources */ = {isa = PBXBuildFile; fileRef = 41887E432A702289006D1845 /* MCLightComposer.cpp */; };
		41887E462A702289006D1845 /* MCLightComposer.cpp in Sources */ = {isa = PBXBuildFile; fileRef = 41887E432A702289006D1845 /* MCLightComposer.cpp */; };
		41887E492A7023FD006D1845 /* MCDiffuseComposer.cpp in Sources */ = {isa = PBXBuildFile; fileRef = 41887E472A7023FD006D1845 /* MCDiffuseComposer.cpp */; };
		41887E4A2A7023FD006D1845 /* MCDiffuseComposer.cpp in Sources */ = {isa = PBXBuildFile; fileRef = 41887E472A7023FD006D1845 /* MCDiffuseComposer.cpp */; };
		6B87EA422014AC0A003D5321 /* BitmapTexture.cpp in Sources */ = {isa = PBXBuildFile; fileRef = 6B87EA3C2014AC09003D5321 /* BitmapTexture.cpp */; };
		6B87EA432014AC0A003D5321 /* ZipWrapper.cpp in Sources */ = {isa = PBXBuildFile; fileRef = 6B87EA3D2014AC09003D5321 /* ZipWrapper.cpp */; };
		6B87EA442014AC0A003D5321 /* ByteBuffer.cpp in Sources */ = {isa = PBXBuildFile; fileRef = 6B87EA3E2014AC09003D5321 /* ByteBuffer.cpp */; };
		6C3531B41DCFE19000A2F525 /* MTDiffuseComposer.mm in Sources */ = {isa = PBXBuildFile; fileRef = 6C3531B31DCFE19000A2F525 /* MTDiffuseComposer.mm */; };
		6C423E4E1D5C82C9001882E5 /* BitmapComposer.cpp in Sources */ = {isa = PBXBuildFile; fileRef = 6C423E4C1D5C82C9001882E5 /* BitmapComposer.cpp */; };
		6C4D07EB1D526BAA00C055AC /* MainWindow.mm in Sources */ = {isa = PBXBuildFile; fileRef = 6C4D07EA1D526BAA00C055AC /* MainWindow.mm */; };
		6C4D07EF1D526C2C00C055AC /* MTVisualObject.mm in Sources */ = {isa = PBXBuildFile; fileRef = 6C4D07EE1D526C2C00C055AC /* MTVisualObject.mm */; };
		6C77ED4D1D65FDDC003FB5BC /* MTLightComposer.mm in Sources */ = {isa = PBXBuildFile; fileRef = 6C77ED4C1D65FDDC003FB5BC /* MTLightComposer.mm */; };
		6C833AB81D5F75EB009ECC29 /* MTShadowComposer.mm in Sources */ = {isa = PBXBuildFile; fileRef = 6C833AB71D5F75EB009ECC29 /* MTShadowComposer.mm */; };
		6C833BEE1D6223A2009ECC29 /* LibpngWrapper.cpp in Sources */ = {isa = PBXBuildFile; fileRef = 6C833B661D6223A2009ECC29 /* LibpngWrapper.cpp */; };
		6C833C131D622432009ECC29 /* liblibpngOSX.a in Frameworks */ = {isa = PBXBuildFile; fileRef = 6C833C121D62242E009ECC29 /* liblibpngOSX.a */; };
		6C833C361D62254D009ECC29 /* adler32.c in Sources */ = {isa = PBXBuildFile; fileRef = 6C833C1C1D62254D009ECC29 /* adler32.c */; };
		6C833C371D62254D009ECC29 /* compress.c in Sources */ = {isa = PBXBuildFile; fileRef = 6C833C1D1D62254D009ECC29 /* compress.c */; };
		6C833C381D62254D009ECC29 /* crc32.c in Sources */ = {isa = PBXBuildFile; fileRef = 6C833C1E1D62254D009ECC29 /* crc32.c */; };
		6C833C391D62254D009ECC29 /* deflate.c in Sources */ = {isa = PBXBuildFile; fileRef = 6C833C201D62254D009ECC29 /* deflate.c */; };
		6C833C3A1D62254D009ECC29 /* gzclose.c in Sources */ = {isa = PBXBuildFile; fileRef = 6C833C221D62254D009ECC29 /* gzclose.c */; };
		6C833C3B1D62254D009ECC29 /* gzlib.c in Sources */ = {isa = PBXBuildFile; fileRef = 6C833C241D62254D009ECC29 /* gzlib.c */; };
		6C833C3C1D62254D009ECC29 /* gzread.c in Sources */ = {isa = PBXBuildFile; fileRef = 6C833C251D62254D009ECC29 /* gzread.c */; };
		6C833C3D1D62254D009ECC29 /* gzwrite.c in Sources */ = {isa = PBXBuildFile; fileRef = 6C833C261D62254D009ECC29 /* gzwrite.c */; };
		6C833C3E1D62254D009ECC29 /* infback.c in Sources */ = {isa = PBXBuildFile; fileRef = 6C833C271D62254D009ECC29 /* infback.c */; };
		6C833C3F1D62254D009ECC29 /* inffast.c in Sources */ = {isa = PBXBuildFile; fileRef = 6C833C281D62254D009ECC29 /* inffast.c */; };
		6C833C401D62254D009ECC29 /* inflate.c in Sources */ = {isa = PBXBuildFile; fileRef = 6C833C2B1D62254D009ECC29 /* inflate.c */; };
		6C833C411D62254D009ECC29 /* inftrees.c in Sources */ = {isa = PBXBuildFile; fileRef = 6C833C2D1D62254D009ECC29 /* inftrees.c */; };
		6C833C421D62254D009ECC29 /* trees.c in Sources */ = {isa = PBXBuildFile; fileRef = 6C833C2F1D62254D009ECC29 /* trees.c */; };
		6C833C431D62254D009ECC29 /* uncompr.c in Sources */ = {isa = PBXBuildFile; fileRef = 6C833C311D62254D009ECC29 /* uncompr.c */; };
		6C833C441D62254D009ECC29 /* zutil.c in Sources */ = {isa = PBXBuildFile; fileRef = 6C833C341D62254D009ECC29 /* zutil.c */; };
		6C83C1EB1D58F08300898B7E /* MTVisualObjectController.mm in Sources */ = {isa = PBXBuildFile; fileRef = 6C83C1EA1D58F08300898B7E /* MTVisualObjectController.mm */; };
		6CBE49151E1DE63000516F8A /* CPPTextureImplNSBitmapImageRep.mm in Sources */ = {isa = PBXBuildFile; fileRef = 6CBE49141E1DE63000516F8A /* CPPTextureImplNSBitmapImageRep.mm */; };
		6CC8564A1D52578A0012DDB0 /* AppDelegate.mm in Sources */ = {isa = PBXBuildFile; fileRef = 6CC856491D52578A0012DDB0 /* AppDelegate.mm */; };
		6CC8564D1D52578A0012DDB0 /* main.m in Sources */ = {isa = PBXBuildFile; fileRef = 6CC8564C1D52578A0012DDB0 /* main.m */; };
		6CC8564F1D52578A0012DDB0 /* Assets.xcassets in Resources */ = {isa = PBXBuildFile; fileRef = 6CC8564E1D52578A0012DDB0 /* Assets.xcassets */; };
		6CC856521D52578A0012DDB0 /* MainMenu.xib in Resources */ = {isa = PBXBuildFile; fileRef = 6CC856501D52578A0012DDB0 /* MainMenu.xib */; };
		6CC8565D1D5258AF0012DDB0 /* Texture.cpp in Sources */ = {isa = PBXBuildFile; fileRef = 6CC8565C1D5258AF0012DDB0 /* Texture.cpp */; };
		6CCDA2941DDD002C00B20A49 /* MTBlastProcessor.mm in Sources */ = {isa = PBXBuildFile; fileRef = 6CCDA2931DDD002C00B20A49 /* MTBlastProcessor.mm */; };
		6CCDA29B1DDD1E1A00B20A49 /* NSImage+Utils.m in Sources */ = {isa = PBXBuildFile; fileRef = 6CCDA29A1DDD1E1A00B20A49 /* NSImage+Utils.m */; };
		6CD0CACB1E2C35CC000CBFC3 /* OpenGL.framework in Frameworks */ = {isa = PBXBuildFile; fileRef = 6CD0CACA1E2C35CC000CBFC3 /* OpenGL.framework */; };
		6CE847082290549A008EDD9D /* BinaryWriter.cpp in Sources */ = {isa = PBXBuildFile; fileRef = 6CE8470022905499008EDD9D /* BinaryWriter.cpp */; };
		6CE847092290549A008EDD9D /* BinaryReader.cpp in Sources */ = {isa = PBXBuildFile; fileRef = 6CE847062290549A008EDD9D /* BinaryReader.cpp */; };
		6CE8470A2290549A008EDD9D /* BinaryWriterMemory.cpp in Sources */ = {isa = PBXBuildFile; fileRef = 6CE847072290549A008EDD9D /* BinaryWriterMemory.cpp */; };
		6CE8470E22905542008EDD9D /* StringUtils.cpp in Sources */ = {isa = PBXBuildFile; fileRef = 6CE8470C22905542008EDD9D /* StringUtils.cpp */; };
		6CE8471022905613008EDD9D /* FileManager.cpp in Sources */ = {isa = PBXBuildFile; fileRef = 6CE8470F22905613008EDD9D /* FileManager.cpp */; };
		6CE84754229056B1008EDD9D /* libassimp.4.1.0.dylib in Frameworks */ = {isa = PBXBuildFile; fileRef = 6CE8474A229056B1008EDD9D /* libassimp.4.1.0.dylib */; };
		6CE84755229056CD008EDD9D /* libassimp.4.1.0.dylib in Embed Libraries */ = {isa = PBXBuildFile; fileRef = 6CE8474A229056B1008EDD9D /* libassimp.4.1.0.dylib */; settings = {ATTRIBUTES = (CodeSignOnCopy, ); }; };
		6CE8475C2290FC78008EDD9D /* AssimpView.mm in Sources */ = {isa = PBXBuildFile; fileRef = 6CE8475B2290FC78008EDD9D /* AssimpView.mm */; };
		6CE84760229103B6008EDD9D /* AssimpScene.mm in Sources */ = {isa = PBXBuildFile; fileRef = 6CE8475F229103B6008EDD9D /* AssimpScene.mm */; };
		6CE847632291061D008EDD9D /* AssimpNodeView.mm in Sources */ = {isa = PBXBuildFile; fileRef = 6CE847622291061D008EDD9D /* AssimpNodeView.mm */; };
		6CE8476722910666008EDD9D /* AssimpNodeView.xib in Resources */ = {isa = PBXBuildFile; fileRef = 6CE8476622910666008EDD9D /* AssimpNodeView.xib */; };
		6CE8476B229107B8008EDD9D /* MTProcessSettings.m in Sources */ = {isa = PBXBuildFile; fileRef = 6CE8476A229107B8008EDD9D /* MTProcessSettings.m */; };
		6CE847722291662B008EDD9D /* GLKit.framework in Frameworks */ = {isa = PBXBuildFile; fileRef = 6CE847712291662B008EDD9D /* GLKit.framework */; };
		6CEC95771E2B053100DBD1AA /* MTSequenceFrameSubstractor.mm in Sources */ = {isa = PBXBuildFile; fileRef = 6CEC95761E2B053100DBD1AA /* MTSequenceFrameSubstractor.mm */; };
/* End PBXBuildFile section */

/* Begin PBXContainerItemProxy section */
		415D771D243997AD00874F28 /* PBXContainerItemProxy */ = {
			isa = PBXContainerItemProxy;
			containerPortal = 6CC8563D1D5257890012DDB0 /* Project object */;
			proxyType = 1;
			remoteGlobalIDString = 6CC856441D52578A0012DDB0;
			remoteInfo = maxtouchTool;
		};
		6C833BF11D6223A2009ECC29 /* PBXContainerItemProxy */ = {
			isa = PBXContainerItemProxy;
			containerPortal = 6C833B611D6223A2009ECC29 /* libpng.xcodeproj */;
			proxyType = 2;
			remoteGlobalIDString = 84A822D31A2C84540090D193;
			remoteInfo = libpng;
		};
		6C833BF31D6223A2009ECC29 /* PBXContainerItemProxy */ = {
			isa = PBXContainerItemProxy;
			containerPortal = 6C833B611D6223A2009ECC29 /* libpng.xcodeproj */;
			proxyType = 2;
			remoteGlobalIDString = 84A822DE1A2C84540090D193;
			remoteInfo = libpngTests;
		};
		6C833C111D62242E009ECC29 /* PBXContainerItemProxy */ = {
			isa = PBXContainerItemProxy;
			containerPortal = 6C833B611D6223A2009ECC29 /* libpng.xcodeproj */;
			proxyType = 2;
			remoteGlobalIDString = 6C833C0F1D622419009ECC29;
			remoteInfo = libpngOSX;
		};
		6C833C141D62243A009ECC29 /* PBXContainerItemProxy */ = {
			isa = PBXContainerItemProxy;
			containerPortal = 6C833B611D6223A2009ECC29 /* libpng.xcodeproj */;
			proxyType = 1;
			remoteGlobalIDString = 6C833BF61D622419009ECC29;
			remoteInfo = libpngOSX;
		};
/* End PBXContainerItemProxy section */

/* Begin PBXCopyFilesBuildPhase section */
		6CE84756229056CD008EDD9D /* Embed Libraries */ = {
			isa = PBXCopyFilesBuildPhase;
			buildActionMask = 2147483647;
			dstPath = "";
			dstSubfolderSpec = 10;
			files = (
				6CE84755229056CD008EDD9D /* libassimp.4.1.0.dylib in Embed Libraries */,
			);
			name = "Embed Libraries";
			runOnlyForDeploymentPostprocessing = 0;
		};
/* End PBXCopyFilesBuildPhase section */

/* Begin PBXFileReference section */
		415D7718243997AD00874F28 /* maxtouchToolTests.xctest */ = {isa = PBXFileReference; explicitFileType = wrapper.cfbundle; includeInIndex = 0; path = maxtouchToolTests.xctest; sourceTree = BUILT_PRODUCTS_DIR; };
		415D771A243997AD00874F28 /* maxtouchToolTests.mm */ = {isa = PBXFileReference; lastKnownFileType = sourcecode.cpp.objcpp; path = maxtouchToolTests.mm; sourceTree = "<group>"; };
		415D771C243997AD00874F28 /* Info.plist */ = {isa = PBXFileReference; lastKnownFileType = text.plist.xml; path = Info.plist; sourceTree = "<group>"; };
		41887E132A6E98B8006D1845 /* stb_image_write.h */ = {isa = PBXFileReference; fileEncoding = 4; lastKnownFileType = sourcecode.c.h; path = stb_image_write.h; sourceTree = "<group>"; };
		41887E162A6E98B9006D1845 /* stb_image.h */ = {isa = PBXFileReference; fileEncoding = 4; lastKnownFileType = sourcecode.c.h; path = stb_image.h; sourceTree = "<group>"; };
		41887E172A6E98D0006D1845 /* stb_image_defined.h */ = {isa = PBXFileReference; lastKnownFileType = sourcecode.c.h; path = stb_image_defined.h; sourceTree = "<group>"; };
		41887E182A701A8A006D1845 /* MCShadowComposer.cpp */ = {isa = PBXFileReference; lastKnownFileType = sourcecode.cpp.cpp; path = MCShadowComposer.cpp; sourceTree = "<group>"; };
		41887E192A701A8A006D1845 /* MCShadowComposer.hpp */ = {isa = PBXFileReference; lastKnownFileType = sourcecode.cpp.h; path = MCShadowComposer.hpp; sourceTree = "<group>"; };
		41887E1C2A701AD5006D1845 /* MCImage.cpp */ = {isa = PBXFileReference; lastKnownFileType = sourcecode.cpp.cpp; path = MCImage.cpp; sourceTree = "<group>"; };
		41887E1D2A701AD5006D1845 /* MCImage.hpp */ = {isa = PBXFileReference; lastKnownFileType = sourcecode.cpp.h; path = MCImage.hpp; sourceTree = "<group>"; };
		41887E202A701F56006D1845 /* SCBase_s0.png */ = {isa = PBXFileReference; lastKnownFileType = image.png; name = SCBase_s0.png; path = Assets.xcassets/Scout/SCBase_s0.imageset/SCBase_s0.png; sourceTree = "<group>"; };
		41887E242A7020FB006D1845 /* json_writer.cpp */ = {isa = PBXFileReference; fileEncoding = 4; lastKnownFileType = sourcecode.cpp.cpp; path = json_writer.cpp; sourceTree = "<group>"; };
		41887E252A7020FB006D1845 /* json_internalmap.inl */ = {isa = PBXFileReference; fileEncoding = 4; lastKnownFileType = text; path = json_internalmap.inl; sourceTree = "<group>"; };
		41887E262A7020FB006D1845 /* json_reader.cpp */ = {isa = PBXFileReference; fileEncoding = 4; lastKnownFileType = sourcecode.cpp.cpp; path = json_reader.cpp; sourceTree = "<group>"; };
		41887E282A7020FB006D1845 /* reader.h */ = {isa = PBXFileReference; fileEncoding = 4; lastKnownFileType = sourcecode.c.h; path = reader.h; sourceTree = "<group>"; };
		41887E292A7020FB006D1845 /* config.h */ = {isa = PBXFileReference; fileEncoding = 4; lastKnownFileType = sourcecode.c.h; path = config.h; sourceTree = "<group>"; };
		41887E2A2A7020FB006D1845 /* value.h */ = {isa = PBXFileReference; fileEncoding = 4; lastKnownFileType = sourcecode.c.h; path = value.h; sourceTree = "<group>"; };
		41887E2B2A7020FB006D1845 /* autolink.h */ = {isa = PBXFileReference; fileEncoding = 4; lastKnownFileType = sourcecode.c.h; path = autolink.h; sourceTree = "<group>"; };
		41887E2C2A7020FB006D1845 /* json.h */ = {isa = PBXFileReference; fileEncoding = 4; lastKnownFileType = sourcecode.c.h; path = json.h; sourceTree = "<group>"; };
		41887E2D2A7020FB006D1845 /* jsonfeatures.h */ = {isa = PBXFileReference; fileEncoding = 4; lastKnownFileType = sourcecode.c.h; path = jsonfeatures.h; sourceTree = "<group>"; };
		41887E2E2A7020FB006D1845 /* writer.h */ = {isa = PBXFileReference; fileEncoding = 4; lastKnownFileType = sourcecode.c.h; path = writer.h; sourceTree = "<group>"; };
		41887E2F2A7020FB006D1845 /* forwards.h */ = {isa = PBXFileReference; fileEncoding = 4; lastKnownFileType = sourcecode.c.h; path = forwards.h; sourceTree = "<group>"; };
		41887E302A7020FB006D1845 /* json_batchallocator.h */ = {isa = PBXFileReference; fileEncoding = 4; lastKnownFileType = sourcecode.c.h; path = json_batchallocator.h; sourceTree = "<group>"; };
		41887E312A7020FB006D1845 /* sconscript */ = {isa = PBXFileReference; fileEncoding = 4; lastKnownFileType = text; path = sconscript; sourceTree = "<group>"; };
		41887E322A7020FB006D1845 /* json_value.cpp */ = {isa = PBXFileReference; fileEncoding = 4; lastKnownFileType = sourcecode.cpp.cpp; path = json_value.cpp; sourceTree = "<group>"; };
		41887E332A7020FB006D1845 /* json_valueiterator.inl */ = {isa = PBXFileReference; fileEncoding = 4; lastKnownFileType = text; path = json_valueiterator.inl; sourceTree = "<group>"; };
		41887E342A7020FB006D1845 /* json_internalarray.inl */ = {isa = PBXFileReference; fileEncoding = 4; lastKnownFileType = text; path = json_internalarray.inl; sourceTree = "<group>"; };
		41887E432A702289006D1845 /* MCLightComposer.cpp */ = {isa = PBXFileReference; lastKnownFileType = sourcecode.cpp.cpp; path = MCLightComposer.cpp; sourceTree = "<group>"; };
		41887E442A702289006D1845 /* MCLightComposer.hpp */ = {isa = PBXFileReference; lastKnownFileType = sourcecode.cpp.h; path = MCLightComposer.hpp; sourceTree = "<group>"; };
		41887E472A7023FD006D1845 /* MCDiffuseComposer.cpp */ = {isa = PBXFileReference; lastKnownFileType = sourcecode.cpp.cpp; path = MCDiffuseComposer.cpp; sourceTree = "<group>"; };
		41887E482A7023FD006D1845 /* MCDiffuseComposer.hpp */ = {isa = PBXFileReference; lastKnownFileType = sourcecode.cpp.h; path = MCDiffuseComposer.hpp; sourceTree = "<group>"; };
		51BF73A41E44C9AA0041EE76 /* MTOptions.h */ = {isa = PBXFileReference; fileEncoding = 4; lastKnownFileType = sourcecode.c.h; path = MTOptions.h; sourceTree = "<group>"; };
		6B87EA2D2014ABFA003D5321 /* Colors.h */ = {isa = PBXFileReference; fileEncoding = 4; lastKnownFileType = sourcecode.c.h; path = Colors.h; sourceTree = "<group>"; };
		6B87EA2E2014ABFA003D5321 /* Geometry.h */ = {isa = PBXFileReference; fileEncoding = 4; lastKnownFileType = sourcecode.c.h; path = Geometry.h; sourceTree = "<group>"; };
		6B87EA2F2014ABFA003D5321 /* GLKMath.h */ = {isa = PBXFileReference; fileEncoding = 4; lastKnownFileType = sourcecode.c.h; path = GLKMath.h; sourceTree = "<group>"; };
		6B87EA302014ABFA003D5321 /* GLKMathTypes.h */ = {isa = PBXFileReference; fileEncoding = 4; lastKnownFileType = sourcecode.c.h; path = GLKMathTypes.h; sourceTree = "<group>"; };
		6B87EA312014ABFA003D5321 /* GLKMathUtils.h */ = {isa = PBXFileReference; fileEncoding = 4; lastKnownFileType = sourcecode.c.h; path = GLKMathUtils.h; sourceTree = "<group>"; };
		6B87EA322014ABFA003D5321 /* GLKMatrix3.h */ = {isa = PBXFileReference; fileEncoding = 4; lastKnownFileType = sourcecode.c.h; path = GLKMatrix3.h; sourceTree = "<group>"; };
		6B87EA332014ABFA003D5321 /* GLKMatrix4.h */ = {isa = PBXFileReference; fileEncoding = 4; lastKnownFileType = sourcecode.c.h; path = GLKMatrix4.h; sourceTree = "<group>"; };
		6B87EA342014ABFA003D5321 /* GLKMatrixStack.h */ = {isa = PBXFileReference; fileEncoding = 4; lastKnownFileType = sourcecode.c.h; path = GLKMatrixStack.h; sourceTree = "<group>"; };
		6B87EA352014ABFA003D5321 /* GLKQuaternion.h */ = {isa = PBXFileReference; fileEncoding = 4; lastKnownFileType = sourcecode.c.h; path = GLKQuaternion.h; sourceTree = "<group>"; };
		6B87EA362014ABFA003D5321 /* GLKVector2.h */ = {isa = PBXFileReference; fileEncoding = 4; lastKnownFileType = sourcecode.c.h; path = GLKVector2.h; sourceTree = "<group>"; };
		6B87EA372014ABFA003D5321 /* GLKVector3.h */ = {isa = PBXFileReference; fileEncoding = 4; lastKnownFileType = sourcecode.c.h; path = GLKVector3.h; sourceTree = "<group>"; };
		6B87EA382014ABFA003D5321 /* GLKVector4.h */ = {isa = PBXFileReference; fileEncoding = 4; lastKnownFileType = sourcecode.c.h; path = GLKVector4.h; sourceTree = "<group>"; };
		6B87EA392014ABFA003D5321 /* Matrix.h */ = {isa = PBXFileReference; fileEncoding = 4; lastKnownFileType = sourcecode.c.h; path = Matrix.h; sourceTree = "<group>"; };
		6B87EA3A2014ABFA003D5321 /* MyMath.h */ = {isa = PBXFileReference; fileEncoding = 4; lastKnownFileType = sourcecode.c.h; path = MyMath.h; sourceTree = "<group>"; };
		6B87EA3B2014AC09003D5321 /* ZipWrapper.h */ = {isa = PBXFileReference; fileEncoding = 4; lastKnownFileType = sourcecode.c.h; path = ZipWrapper.h; sourceTree = "<group>"; };
		6B87EA3C2014AC09003D5321 /* BitmapTexture.cpp */ = {isa = PBXFileReference; fileEncoding = 4; lastKnownFileType = sourcecode.cpp.cpp; path = BitmapTexture.cpp; sourceTree = "<group>"; };
		6B87EA3D2014AC09003D5321 /* ZipWrapper.cpp */ = {isa = PBXFileReference; fileEncoding = 4; lastKnownFileType = sourcecode.cpp.cpp; path = ZipWrapper.cpp; sourceTree = "<group>"; };
		6B87EA3E2014AC09003D5321 /* ByteBuffer.cpp */ = {isa = PBXFileReference; fileEncoding = 4; lastKnownFileType = sourcecode.cpp.cpp; path = ByteBuffer.cpp; sourceTree = "<group>"; };
		6B87EA3F2014AC09003D5321 /* GlobalConstants.h */ = {isa = PBXFileReference; fileEncoding = 4; lastKnownFileType = sourcecode.c.h; path = GlobalConstants.h; sourceTree = "<group>"; };
		6B87EA402014AC0A003D5321 /* BitmapTexture.h */ = {isa = PBXFileReference; fileEncoding = 4; lastKnownFileType = sourcecode.c.h; path = BitmapTexture.h; sourceTree = "<group>"; };
		6B87EA412014AC0A003D5321 /* ByteBuffer.h */ = {isa = PBXFileReference; fileEncoding = 4; lastKnownFileType = sourcecode.c.h; path = ByteBuffer.h; sourceTree = "<group>"; };
		6C079B2E2235187A00D4D736 /* ToolPrefix.h */ = {isa = PBXFileReference; lastKnownFileType = sourcecode.c.h; path = ToolPrefix.h; sourceTree = "<group>"; };
		6C3531B21DCFE19000A2F525 /* MTDiffuseComposer.h */ = {isa = PBXFileReference; fileEncoding = 4; lastKnownFileType = sourcecode.c.h; path = MTDiffuseComposer.h; sourceTree = "<group>"; };
		6C3531B31DCFE19000A2F525 /* MTDiffuseComposer.mm */ = {isa = PBXFileReference; fileEncoding = 4; lastKnownFileType = sourcecode.cpp.objcpp; path = MTDiffuseComposer.mm; sourceTree = "<group>"; };
		6C423E4C1D5C82C9001882E5 /* BitmapComposer.cpp */ = {isa = PBXFileReference; fileEncoding = 4; lastKnownFileType = sourcecode.cpp.cpp; path = BitmapComposer.cpp; sourceTree = "<group>"; };
		6C423E4D1D5C82C9001882E5 /* BitmapComposer.hpp */ = {isa = PBXFileReference; fileEncoding = 4; lastKnownFileType = sourcecode.cpp.h; path = BitmapComposer.hpp; sourceTree = "<group>"; };
		6C4D07E41D5269F100C055AC /* Utils.h */ = {isa = PBXFileReference; lastKnownFileType = sourcecode.c.h; path = Utils.h; sourceTree = "<group>"; };
		6C4D07E91D526BAA00C055AC /* MainWindow.h */ = {isa = PBXFileReference; fileEncoding = 4; lastKnownFileType = sourcecode.c.h; path = MainWindow.h; sourceTree = "<group>"; };
		6C4D07EA1D526BAA00C055AC /* MainWindow.mm */ = {isa = PBXFileReference; fileEncoding = 4; lastKnownFileType = sourcecode.cpp.objcpp; path = MainWindow.mm; sourceTree = "<group>"; };
		6C4D07ED1D526C2C00C055AC /* MTVisualObject.h */ = {isa = PBXFileReference; fileEncoding = 4; lastKnownFileType = sourcecode.c.h; path = MTVisualObject.h; sourceTree = "<group>"; };
		6C4D07EE1D526C2C00C055AC /* MTVisualObject.mm */ = {isa = PBXFileReference; fileEncoding = 4; lastKnownFileType = sourcecode.cpp.objcpp; path = MTVisualObject.mm; sourceTree = "<group>"; };
		6C4D07F41D5277E300C055AC /* Structures.h */ = {isa = PBXFileReference; lastKnownFileType = sourcecode.c.h; path = Structures.h; sourceTree = "<group>"; };
		6C77ED4B1D65FDDC003FB5BC /* MTLightComposer.h */ = {isa = PBXFileReference; fileEncoding = 4; lastKnownFileType = sourcecode.c.h; path = MTLightComposer.h; sourceTree = "<group>"; };
		6C77ED4C1D65FDDC003FB5BC /* MTLightComposer.mm */ = {isa = PBXFileReference; fileEncoding = 4; lastKnownFileType = sourcecode.cpp.objcpp; path = MTLightComposer.mm; sourceTree = "<group>"; };
		6C7F1F221D5E5DC900198F76 /* ToolSettings.h */ = {isa = PBXFileReference; lastKnownFileType = sourcecode.c.h; path = ToolSettings.h; sourceTree = "<group>"; };
		6C833AB61D5F75EB009ECC29 /* MTShadowComposer.h */ = {isa = PBXFileReference; fileEncoding = 4; lastKnownFileType = sourcecode.c.h; path = MTShadowComposer.h; sourceTree = "<group>"; };
		6C833AB71D5F75EB009ECC29 /* MTShadowComposer.mm */ = {isa = PBXFileReference; fileEncoding = 4; lastKnownFileType = sourcecode.cpp.objcpp; path = MTShadowComposer.mm; sourceTree = "<group>"; };
		6C833B611D6223A2009ECC29 /* libpng.xcodeproj */ = {isa = PBXFileReference; lastKnownFileType = "wrapper.pb-project"; path = libpng.xcodeproj; sourceTree = "<group>"; };
		6C833B661D6223A2009ECC29 /* LibpngWrapper.cpp */ = {isa = PBXFileReference; fileEncoding = 4; lastKnownFileType = sourcecode.cpp.cpp; path = LibpngWrapper.cpp; sourceTree = "<group>"; };
		6C833B671D6223A2009ECC29 /* LibpngWrapper.h */ = {isa = PBXFileReference; fileEncoding = 4; lastKnownFileType = sourcecode.c.h; path = LibpngWrapper.h; sourceTree = "<group>"; };
		6C833C1C1D62254D009ECC29 /* adler32.c */ = {isa = PBXFileReference; fileEncoding = 4; lastKnownFileType = sourcecode.c.c; path = adler32.c; sourceTree = "<group>"; };
		6C833C1D1D62254D009ECC29 /* compress.c */ = {isa = PBXFileReference; fileEncoding = 4; lastKnownFileType = sourcecode.c.c; path = compress.c; sourceTree = "<group>"; };
		6C833C1E1D62254D009ECC29 /* crc32.c */ = {isa = PBXFileReference; fileEncoding = 4; lastKnownFileType = sourcecode.c.c; path = crc32.c; sourceTree = "<group>"; };
		6C833C1F1D62254D009ECC29 /* crc32.h */ = {isa = PBXFileReference; fileEncoding = 4; lastKnownFileType = sourcecode.c.h; path = crc32.h; sourceTree = "<group>"; };
		6C833C201D62254D009ECC29 /* deflate.c */ = {isa = PBXFileReference; fileEncoding = 4; lastKnownFileType = sourcecode.c.c; path = deflate.c; sourceTree = "<group>"; };
		6C833C211D62254D009ECC29 /* deflate.h */ = {isa = PBXFileReference; fileEncoding = 4; lastKnownFileType = sourcecode.c.h; path = deflate.h; sourceTree = "<group>"; };
		6C833C221D62254D009ECC29 /* gzclose.c */ = {isa = PBXFileReference; fileEncoding = 4; lastKnownFileType = sourcecode.c.c; path = gzclose.c; sourceTree = "<group>"; };
		6C833C231D62254D009ECC29 /* gzguts.h */ = {isa = PBXFileReference; fileEncoding = 4; lastKnownFileType = sourcecode.c.h; path = gzguts.h; sourceTree = "<group>"; };
		6C833C241D62254D009ECC29 /* gzlib.c */ = {isa = PBXFileReference; fileEncoding = 4; lastKnownFileType = sourcecode.c.c; path = gzlib.c; sourceTree = "<group>"; };
		6C833C251D62254D009ECC29 /* gzread.c */ = {isa = PBXFileReference; fileEncoding = 4; lastKnownFileType = sourcecode.c.c; path = gzread.c; sourceTree = "<group>"; };
		6C833C261D62254D009ECC29 /* gzwrite.c */ = {isa = PBXFileReference; fileEncoding = 4; lastKnownFileType = sourcecode.c.c; path = gzwrite.c; sourceTree = "<group>"; };
		6C833C271D62254D009ECC29 /* infback.c */ = {isa = PBXFileReference; fileEncoding = 4; lastKnownFileType = sourcecode.c.c; path = infback.c; sourceTree = "<group>"; };
		6C833C281D62254D009ECC29 /* inffast.c */ = {isa = PBXFileReference; fileEncoding = 4; lastKnownFileType = sourcecode.c.c; path = inffast.c; sourceTree = "<group>"; };
		6C833C291D62254D009ECC29 /* inffast.h */ = {isa = PBXFileReference; fileEncoding = 4; lastKnownFileType = sourcecode.c.h; path = inffast.h; sourceTree = "<group>"; };
		6C833C2A1D62254D009ECC29 /* inffixed.h */ = {isa = PBXFileReference; fileEncoding = 4; lastKnownFileType = sourcecode.c.h; path = inffixed.h; sourceTree = "<group>"; };
		6C833C2B1D62254D009ECC29 /* inflate.c */ = {isa = PBXFileReference; fileEncoding = 4; lastKnownFileType = sourcecode.c.c; path = inflate.c; sourceTree = "<group>"; };
		6C833C2C1D62254D009ECC29 /* inflate.h */ = {isa = PBXFileReference; fileEncoding = 4; lastKnownFileType = sourcecode.c.h; path = inflate.h; sourceTree = "<group>"; };
		6C833C2D1D62254D009ECC29 /* inftrees.c */ = {isa = PBXFileReference; fileEncoding = 4; lastKnownFileType = sourcecode.c.c; path = inftrees.c; sourceTree = "<group>"; };
		6C833C2E1D62254D009ECC29 /* inftrees.h */ = {isa = PBXFileReference; fileEncoding = 4; lastKnownFileType = sourcecode.c.h; path = inftrees.h; sourceTree = "<group>"; };
		6C833C2F1D62254D009ECC29 /* trees.c */ = {isa = PBXFileReference; fileEncoding = 4; lastKnownFileType = sourcecode.c.c; path = trees.c; sourceTree = "<group>"; };
		6C833C301D62254D009ECC29 /* trees.h */ = {isa = PBXFileReference; fileEncoding = 4; lastKnownFileType = sourcecode.c.h; path = trees.h; sourceTree = "<group>"; };
		6C833C311D62254D009ECC29 /* uncompr.c */ = {isa = PBXFileReference; fileEncoding = 4; lastKnownFileType = sourcecode.c.c; path = uncompr.c; sourceTree = "<group>"; };
		6C833C321D62254D009ECC29 /* zconf.h */ = {isa = PBXFileReference; fileEncoding = 4; lastKnownFileType = sourcecode.c.h; path = zconf.h; sourceTree = "<group>"; };
		6C833C331D62254D009ECC29 /* zlib.h */ = {isa = PBXFileReference; fileEncoding = 4; lastKnownFileType = sourcecode.c.h; path = zlib.h; sourceTree = "<group>"; };
		6C833C341D62254D009ECC29 /* zutil.c */ = {isa = PBXFileReference; fileEncoding = 4; lastKnownFileType = sourcecode.c.c; path = zutil.c; sourceTree = "<group>"; };
		6C833C351D62254D009ECC29 /* zutil.h */ = {isa = PBXFileReference; fileEncoding = 4; lastKnownFileType = sourcecode.c.h; path = zutil.h; sourceTree = "<group>"; };
		6C83C1E91D58F08300898B7E /* MTVisualObjectController.h */ = {isa = PBXFileReference; fileEncoding = 4; lastKnownFileType = sourcecode.c.h; path = MTVisualObjectController.h; sourceTree = "<group>"; };
		6C83C1EA1D58F08300898B7E /* MTVisualObjectController.mm */ = {isa = PBXFileReference; fileEncoding = 4; lastKnownFileType = sourcecode.cpp.objcpp; path = MTVisualObjectController.mm; sourceTree = "<group>"; };
		6CBE49131E1DE63000516F8A /* CPPTextureImplNSBitmapImageRep.h */ = {isa = PBXFileReference; fileEncoding = 4; lastKnownFileType = sourcecode.c.h; path = CPPTextureImplNSBitmapImageRep.h; sourceTree = "<group>"; };
		6CBE49141E1DE63000516F8A /* CPPTextureImplNSBitmapImageRep.mm */ = {isa = PBXFileReference; fileEncoding = 4; lastKnownFileType = sourcecode.cpp.objcpp; path = CPPTextureImplNSBitmapImageRep.mm; sourceTree = "<group>"; };
		6CC856451D52578A0012DDB0 /* maxtouchTool.app */ = {isa = PBXFileReference; explicitFileType = wrapper.application; includeInIndex = 0; path = maxtouchTool.app; sourceTree = BUILT_PRODUCTS_DIR; };
		6CC856481D52578A0012DDB0 /* AppDelegate.h */ = {isa = PBXFileReference; lastKnownFileType = sourcecode.c.h; path = AppDelegate.h; sourceTree = "<group>"; };
		6CC856491D52578A0012DDB0 /* AppDelegate.mm */ = {isa = PBXFileReference; lastKnownFileType = sourcecode.cpp.objcpp; path = AppDelegate.mm; sourceTree = "<group>"; };
		6CC8564C1D52578A0012DDB0 /* main.m */ = {isa = PBXFileReference; lastKnownFileType = sourcecode.c.objc; path = main.m; sourceTree = "<group>"; };
		6CC8564E1D52578A0012DDB0 /* Assets.xcassets */ = {isa = PBXFileReference; lastKnownFileType = folder.assetcatalog; path = Assets.xcassets; sourceTree = "<group>"; };
		6CC856511D52578A0012DDB0 /* Base */ = {isa = PBXFileReference; lastKnownFileType = file.xib; name = Base; path = Base.lproj/MainMenu.xib; sourceTree = "<group>"; };
		6CC856531D52578A0012DDB0 /* Info.plist */ = {isa = PBXFileReference; lastKnownFileType = text.plist.xml; path = Info.plist; sourceTree = "<group>"; };
		6CC8565B1D5258AF0012DDB0 /* Texture.h */ = {isa = PBXFileReference; fileEncoding = 4; lastKnownFileType = sourcecode.c.h; path = Texture.h; sourceTree = "<group>"; };
		6CC8565C1D5258AF0012DDB0 /* Texture.cpp */ = {isa = PBXFileReference; fileEncoding = 4; lastKnownFileType = sourcecode.cpp.cpp; path = Texture.cpp; sourceTree = "<group>"; };
		6CCDA2921DDD002C00B20A49 /* MTBlastProcessor.h */ = {isa = PBXFileReference; fileEncoding = 4; lastKnownFileType = sourcecode.c.h; path = MTBlastProcessor.h; sourceTree = "<group>"; };
		6CCDA2931DDD002C00B20A49 /* MTBlastProcessor.mm */ = {isa = PBXFileReference; fileEncoding = 4; lastKnownFileType = sourcecode.cpp.objcpp; path = MTBlastProcessor.mm; sourceTree = "<group>"; };
		6CCDA2991DDD1E1A00B20A49 /* NSImage+Utils.h */ = {isa = PBXFileReference; fileEncoding = 4; lastKnownFileType = sourcecode.c.h; path = "NSImage+Utils.h"; sourceTree = "<group>"; };
		6CCDA29A1DDD1E1A00B20A49 /* NSImage+Utils.m */ = {isa = PBXFileReference; fileEncoding = 4; lastKnownFileType = sourcecode.c.objc; path = "NSImage+Utils.m"; sourceTree = "<group>"; };
		6CD0CACA1E2C35CC000CBFC3 /* OpenGL.framework */ = {isa = PBXFileReference; lastKnownFileType = wrapper.framework; name = OpenGL.framework; path = System/Library/Frameworks/OpenGL.framework; sourceTree = SDKROOT; };
		6CE8470022905499008EDD9D /* BinaryWriter.cpp */ = {isa = PBXFileReference; fileEncoding = 4; lastKnownFileType = sourcecode.cpp.cpp; path = BinaryWriter.cpp; sourceTree = "<group>"; };
		6CE847032290549A008EDD9D /* BinaryWriter.h */ = {isa = PBXFileReference; fileEncoding = 4; lastKnownFileType = sourcecode.c.h; path = BinaryWriter.h; sourceTree = "<group>"; };
		6CE847042290549A008EDD9D /* BinaryReader.h */ = {isa = PBXFileReference; fileEncoding = 4; lastKnownFileType = sourcecode.c.h; path = BinaryReader.h; sourceTree = "<group>"; };
		6CE847052290549A008EDD9D /* BinaryWriterMemory.hpp */ = {isa = PBXFileReference; fileEncoding = 4; lastKnownFileType = sourcecode.cpp.h; path = BinaryWriterMemory.hpp; sourceTree = "<group>"; };
		6CE847062290549A008EDD9D /* BinaryReader.cpp */ = {isa = PBXFileReference; fileEncoding = 4; lastKnownFileType = sourcecode.cpp.cpp; path = BinaryReader.cpp; sourceTree = "<group>"; };
		6CE847072290549A008EDD9D /* BinaryWriterMemory.cpp */ = {isa = PBXFileReference; fileEncoding = 4; lastKnownFileType = sourcecode.cpp.cpp; path = BinaryWriterMemory.cpp; sourceTree = "<group>"; };
		6CE8470B229054E5008EDD9D /* FileManager.h */ = {isa = PBXFileReference; lastKnownFileType = sourcecode.c.h; path = FileManager.h; sourceTree = "<group>"; };
		6CE8470C22905542008EDD9D /* StringUtils.cpp */ = {isa = PBXFileReference; fileEncoding = 4; lastKnownFileType = sourcecode.cpp.cpp; path = StringUtils.cpp; sourceTree = "<group>"; };
		6CE8470D22905542008EDD9D /* StringUtils.h */ = {isa = PBXFileReference; fileEncoding = 4; lastKnownFileType = sourcecode.c.h; path = StringUtils.h; sourceTree = "<group>"; };
		6CE8470F22905613008EDD9D /* FileManager.cpp */ = {isa = PBXFileReference; lastKnownFileType = sourcecode.cpp.cpp; path = FileManager.cpp; sourceTree = "<group>"; };
		6CE8474A229056B1008EDD9D /* libassimp.4.1.0.dylib */ = {isa = PBXFileReference; lastKnownFileType = "compiled.mach-o.dylib"; path = libassimp.4.1.0.dylib; sourceTree = "<group>"; };
		6CE8475A2290FC78008EDD9D /* AssimpView.h */ = {isa = PBXFileReference; lastKnownFileType = sourcecode.c.h; path = AssimpView.h; sourceTree = "<group>"; };
		6CE8475B2290FC78008EDD9D /* AssimpView.mm */ = {isa = PBXFileReference; lastKnownFileType = sourcecode.cpp.objcpp; path = AssimpView.mm; sourceTree = "<group>"; };
		6CE8475E229103B6008EDD9D /* AssimpScene.h */ = {isa = PBXFileReference; lastKnownFileType = sourcecode.c.h; path = AssimpScene.h; sourceTree = "<group>"; };
		6CE8475F229103B6008EDD9D /* AssimpScene.mm */ = {isa = PBXFileReference; lastKnownFileType = sourcecode.cpp.objcpp; path = AssimpScene.mm; sourceTree = "<group>"; };
		6CE847612291061D008EDD9D /* AssimpNodeView.h */ = {isa = PBXFileReference; lastKnownFileType = sourcecode.c.h; path = AssimpNodeView.h; sourceTree = "<group>"; };
		6CE847622291061D008EDD9D /* AssimpNodeView.mm */ = {isa = PBXFileReference; lastKnownFileType = sourcecode.cpp.objcpp; path = AssimpNodeView.mm; sourceTree = "<group>"; };
		6CE8476622910666008EDD9D /* AssimpNodeView.xib */ = {isa = PBXFileReference; lastKnownFileType = file.xib; path = AssimpNodeView.xib; sourceTree = "<group>"; };
		6CE84769229107B8008EDD9D /* MTProcessSettings.h */ = {isa = PBXFileReference; lastKnownFileType = sourcecode.c.h; path = MTProcessSettings.h; sourceTree = "<group>"; };
		6CE8476A229107B8008EDD9D /* MTProcessSettings.m */ = {isa = PBXFileReference; lastKnownFileType = sourcecode.c.objc; path = MTProcessSettings.m; sourceTree = "<group>"; };
		6CE847712291662B008EDD9D /* GLKit.framework */ = {isa = PBXFileReference; lastKnownFileType = wrapper.framework; name = GLKit.framework; path = System/Library/Frameworks/GLKit.framework; sourceTree = SDKROOT; };
		6CEC95751E2B053100DBD1AA /* MTSequenceFrameSubstractor.h */ = {isa = PBXFileReference; fileEncoding = 4; lastKnownFileType = sourcecode.c.h; path = MTSequenceFrameSubstractor.h; sourceTree = "<group>"; };
		6CEC95761E2B053100DBD1AA /* MTSequenceFrameSubstractor.mm */ = {isa = PBXFileReference; fileEncoding = 4; lastKnownFileType = sourcecode.cpp.objcpp; path = MTSequenceFrameSubstractor.mm; sourceTree = "<group>"; };
/* End PBXFileReference section */

/* Begin PBXFrameworksBuildPhase section */
		415D7715243997AD00874F28 /* Frameworks */ = {
			isa = PBXFrameworksBuildPhase;
			buildActionMask = 2147483647;
			files = (
			);
			runOnlyForDeploymentPostprocessing = 0;
		};
		6CC856421D52578A0012DDB0 /* Frameworks */ = {
			isa = PBXFrameworksBuildPhase;
			buildActionMask = 2147483647;
			files = (
				6CE847722291662B008EDD9D /* GLKit.framework in Frameworks */,
				6CD0CACB1E2C35CC000CBFC3 /* OpenGL.framework in Frameworks */,
				6C833C131D622432009ECC29 /* liblibpngOSX.a in Frameworks */,
				6CE84754229056B1008EDD9D /* libassimp.4.1.0.dylib in Frameworks */,
			);
			runOnlyForDeploymentPostprocessing = 0;
		};
/* End PBXFrameworksBuildPhase section */

/* Begin PBXGroup section */
		415D7719243997AD00874F28 /* maxtouchToolTests */ = {
			isa = PBXGroup;
			children = (
				415D771A243997AD00874F28 /* maxtouchToolTests.mm */,
				415D771C243997AD00874F28 /* Info.plist */,
			);
			path = maxtouchToolTests;
			sourceTree = "<group>";
		};
		41887E232A7020FB006D1845 /* libJSON */ = {
			isa = PBXGroup;
			children = (
				41887E242A7020FB006D1845 /* json_writer.cpp */,
				41887E252A7020FB006D1845 /* json_internalmap.inl */,
				41887E262A7020FB006D1845 /* json_reader.cpp */,
				41887E272A7020FB006D1845 /* json */,
				41887E302A7020FB006D1845 /* json_batchallocator.h */,
				41887E312A7020FB006D1845 /* sconscript */,
				41887E322A7020FB006D1845 /* json_value.cpp */,
				41887E332A7020FB006D1845 /* json_valueiterator.inl */,
				41887E342A7020FB006D1845 /* json_internalarray.inl */,
			);
			path = libJSON;
			sourceTree = "<group>";
		};
		41887E272A7020FB006D1845 /* json */ = {
			isa = PBXGroup;
			children = (
				41887E282A7020FB006D1845 /* reader.h */,
				41887E292A7020FB006D1845 /* config.h */,
				41887E2A2A7020FB006D1845 /* value.h */,
				41887E2B2A7020FB006D1845 /* autolink.h */,
				41887E2C2A7020FB006D1845 /* json.h */,
				41887E2D2A7020FB006D1845 /* jsonfeatures.h */,
				41887E2E2A7020FB006D1845 /* writer.h */,
				41887E2F2A7020FB006D1845 /* forwards.h */,
			);
			path = json;
			sourceTree = "<group>";
		};
		6B87EA2C2014ABFA003D5321 /* MathKit */ = {
			isa = PBXGroup;
			children = (
				6B87EA2D2014ABFA003D5321 /* Colors.h */,
				6B87EA2E2014ABFA003D5321 /* Geometry.h */,
				6B87EA2F2014ABFA003D5321 /* GLKMath.h */,
				6B87EA302014ABFA003D5321 /* GLKMathTypes.h */,
				6B87EA312014ABFA003D5321 /* GLKMathUtils.h */,
				6B87EA322014ABFA003D5321 /* GLKMatrix3.h */,
				6B87EA332014ABFA003D5321 /* GLKMatrix4.h */,
				6B87EA342014ABFA003D5321 /* GLKMatrixStack.h */,
				6B87EA352014ABFA003D5321 /* GLKQuaternion.h */,
				6B87EA362014ABFA003D5321 /* GLKVector2.h */,
				6B87EA372014ABFA003D5321 /* GLKVector3.h */,
				6B87EA382014ABFA003D5321 /* GLKVector4.h */,
				6B87EA392014ABFA003D5321 /* Matrix.h */,
				6B87EA3A2014ABFA003D5321 /* MyMath.h */,
			);
			path = MathKit;
			sourceTree = "<group>";
		};
		6C423E481D5C825F001882E5 /* Packing */ = {
			isa = PBXGroup;
			children = (
				6C423E4C1D5C82C9001882E5 /* BitmapComposer.cpp */,
				6C423E4D1D5C82C9001882E5 /* BitmapComposer.hpp */,
			);
			path = Packing;
			sourceTree = "<group>";
		};
		6C4D07E51D526B0400C055AC /* UI */ = {
			isa = PBXGroup;
			children = (
				6CE84768229107A3008EDD9D /* Misc */,
				6CE8475D229103A2008EDD9D /* AssimpScene */,
				6CC856501D52578A0012DDB0 /* MainMenu.xib */,
				6C4D07E91D526BAA00C055AC /* MainWindow.h */,
				6C4D07EA1D526BAA00C055AC /* MainWindow.mm */,
			);
			path = UI;
			sourceTree = "<group>";
		};
		6C4D07EC1D526C0A00C055AC /* Objects */ = {
			isa = PBXGroup;
			children = (
				6CEC95741E2B050800DBD1AA /* SequenceProcessors */,
				6CBE49121E1DE61400516F8A /* Components */,
				6CCDA28F1DDD000100B20A49 /* EffectProcessors */,
				6C4D07ED1D526C2C00C055AC /* MTVisualObject.h */,
				6C4D07EE1D526C2C00C055AC /* MTVisualObject.mm */,
				6C3531B21DCFE19000A2F525 /* MTDiffuseComposer.h */,
				6C3531B31DCFE19000A2F525 /* MTDiffuseComposer.mm */,
				41887E482A7023FD006D1845 /* MCDiffuseComposer.hpp */,
				41887E472A7023FD006D1845 /* MCDiffuseComposer.cpp */,
				6C77ED4B1D65FDDC003FB5BC /* MTLightComposer.h */,
				6C77ED4C1D65FDDC003FB5BC /* MTLightComposer.mm */,
				41887E442A702289006D1845 /* MCLightComposer.hpp */,
				41887E432A702289006D1845 /* MCLightComposer.cpp */,
				6C833AB61D5F75EB009ECC29 /* MTShadowComposer.h */,
				6C833AB71D5F75EB009ECC29 /* MTShadowComposer.mm */,
				41887E192A701A8A006D1845 /* MCShadowComposer.hpp */,
				41887E182A701A8A006D1845 /* MCShadowComposer.cpp */,
				6C83C1E91D58F08300898B7E /* MTVisualObjectController.h */,
				6C83C1EA1D58F08300898B7E /* MTVisualObjectController.mm */,
				41887E1D2A701AD5006D1845 /* MCImage.hpp */,
				41887E1C2A701AD5006D1845 /* MCImage.cpp */,
				51BF73A41E44C9AA0041EE76 /* MTOptions.h */,
			);
			path = Objects;
			sourceTree = "<group>";
		};
		6C833AC51D6223A2009ECC29 /* libpng */ = {
			isa = PBXGroup;
			children = (
				6C833B611D6223A2009ECC29 /* libpng.xcodeproj */,
				6C833B661D6223A2009ECC29 /* LibpngWrapper.cpp */,
				6C833B671D6223A2009ECC29 /* LibpngWrapper.h */,
			);
			path = libpng;
			sourceTree = "<group>";
		};
		6C833B621D6223A2009ECC29 /* Products */ = {
			isa = PBXGroup;
			children = (
				6C833BF21D6223A2009ECC29 /* liblibpng.a */,
				6C833BF41D6223A2009ECC29 /* libpngTests.xctest */,
				6C833C121D62242E009ECC29 /* liblibpngOSX.a */,
			);
			name = Products;
			sourceTree = "<group>";
		};
		6C833C1B1D62254D009ECC29 /* zip */ = {
			isa = PBXGroup;
			children = (
				6C833C1C1D62254D009ECC29 /* adler32.c */,
				6C833C1D1D62254D009ECC29 /* compress.c */,
				6C833C1E1D62254D009ECC29 /* crc32.c */,
				6C833C1F1D62254D009ECC29 /* crc32.h */,
				6C833C201D62254D009ECC29 /* deflate.c */,
				6C833C211D62254D009ECC29 /* deflate.h */,
				6C833C221D62254D009ECC29 /* gzclose.c */,
				6C833C231D62254D009ECC29 /* gzguts.h */,
				6C833C241D62254D009ECC29 /* gzlib.c */,
				6C833C251D62254D009ECC29 /* gzread.c */,
				6C833C261D62254D009ECC29 /* gzwrite.c */,
				6C833C271D62254D009ECC29 /* infback.c */,
				6C833C281D62254D009ECC29 /* inffast.c */,
				6C833C291D62254D009ECC29 /* inffast.h */,
				6C833C2A1D62254D009ECC29 /* inffixed.h */,
				6C833C2B1D62254D009ECC29 /* inflate.c */,
				6C833C2C1D62254D009ECC29 /* inflate.h */,
				6C833C2D1D62254D009ECC29 /* inftrees.c */,
				6C833C2E1D62254D009ECC29 /* inftrees.h */,
				6C833C2F1D62254D009ECC29 /* trees.c */,
				6C833C301D62254D009ECC29 /* trees.h */,
				6C833C311D62254D009ECC29 /* uncompr.c */,
				6C833C321D62254D009ECC29 /* zconf.h */,
				6C833C331D62254D009ECC29 /* zlib.h */,
				6C833C341D62254D009ECC29 /* zutil.c */,
				6C833C351D62254D009ECC29 /* zutil.h */,
			);
			path = zip;
			sourceTree = "<group>";
		};
		6CBE49121E1DE61400516F8A /* Components */ = {
			isa = PBXGroup;
			children = (
				6CBE49131E1DE63000516F8A /* CPPTextureImplNSBitmapImageRep.h */,
				6CBE49141E1DE63000516F8A /* CPPTextureImplNSBitmapImageRep.mm */,
			);
			name = Components;
			sourceTree = "<group>";
		};
		6CC8563C1D5257890012DDB0 = {
			isa = PBXGroup;
			children = (
				6CC856471D52578A0012DDB0 /* maxtouchTool */,
				415D7719243997AD00874F28 /* maxtouchToolTests */,
				6CC856461D52578A0012DDB0 /* Products */,
				6CD0CAC91E2C35CC000CBFC3 /* Frameworks */,
			);
			sourceTree = "<group>";
		};
		6CC856461D52578A0012DDB0 /* Products */ = {
			isa = PBXGroup;
			children = (
				6CC856451D52578A0012DDB0 /* maxtouchTool.app */,
				415D7718243997AD00874F28 /* maxtouchToolTests.xctest */,
			);
			name = Products;
			sourceTree = "<group>";
		};
		6CC856471D52578A0012DDB0 /* maxtouchTool */ = {
			isa = PBXGroup;
			children = (
				6CE84711229056A3008EDD9D /* Vendors */,
				6C423E481D5C825F001882E5 /* Packing */,
				6CC856591D5258810012DDB0 /* Utils */,
				6CCDA2951DDD1DAD00B20A49 /* UtilsObjc */,
				6C4D07EC1D526C0A00C055AC /* Objects */,
				6C4D07E51D526B0400C055AC /* UI */,
				6C7F1F221D5E5DC900198F76 /* ToolSettings.h */,
				6C079B2E2235187A00D4D736 /* ToolPrefix.h */,
				6CC856481D52578A0012DDB0 /* AppDelegate.h */,
				6CC856491D52578A0012DDB0 /* AppDelegate.mm */,
				41887E202A701F56006D1845 /* SCBase_s0.png */,
				6CC8564E1D52578A0012DDB0 /* Assets.xcassets */,
				6CC856531D52578A0012DDB0 /* Info.plist */,
				6CC8564B1D52578A0012DDB0 /* Supporting Files */,
			);
			path = maxtouchTool;
			sourceTree = "<group>";
		};
		6CC8564B1D52578A0012DDB0 /* Supporting Files */ = {
			isa = PBXGroup;
			children = (
				6CC8564C1D52578A0012DDB0 /* main.m */,
			);
			name = "Supporting Files";
			sourceTree = "<group>";
		};
		6CC856591D5258810012DDB0 /* Utils */ = {
			isa = PBXGroup;
			children = (
				6C833C1B1D62254D009ECC29 /* zip */,
				6C833AC51D6223A2009ECC29 /* libpng */,
				6B87EA2C2014ABFA003D5321 /* MathKit */,
				6CC8565A1D5258880012DDB0 /* Texture */,
				41887E232A7020FB006D1845 /* libJSON */,
				41887E172A6E98D0006D1845 /* stb_image_defined.h */,
				41887E132A6E98B8006D1845 /* stb_image_write.h */,
				41887E162A6E98B9006D1845 /* stb_image.h */,
				6B87EA3C2014AC09003D5321 /* BitmapTexture.cpp */,
				6B87EA402014AC0A003D5321 /* BitmapTexture.h */,
				6B87EA3E2014AC09003D5321 /* ByteBuffer.cpp */,
				6B87EA412014AC0A003D5321 /* ByteBuffer.h */,
				6B87EA3F2014AC09003D5321 /* GlobalConstants.h */,
				6B87EA3D2014AC09003D5321 /* ZipWrapper.cpp */,
				6B87EA3B2014AC09003D5321 /* ZipWrapper.h */,
				6CE8470F22905613008EDD9D /* FileManager.cpp */,
				6CE8470B229054E5008EDD9D /* FileManager.h */,
				6CE847062290549A008EDD9D /* BinaryReader.cpp */,
				6CE847042290549A008EDD9D /* BinaryReader.h */,
				6CE8470022905499008EDD9D /* BinaryWriter.cpp */,
				6CE847032290549A008EDD9D /* BinaryWriter.h */,
				6CE847072290549A008EDD9D /* BinaryWriterMemory.cpp */,
				6CE847052290549A008EDD9D /* BinaryWriterMemory.hpp */,
				6CE8470C22905542008EDD9D /* StringUtils.cpp */,
				6CE8470D22905542008EDD9D /* StringUtils.h */,
				6C4D07F41D5277E300C055AC /* Structures.h */,
				6C4D07E41D5269F100C055AC /* Utils.h */,
			);
			path = Utils;
			sourceTree = "<group>";
		};
		6CC8565A1D5258880012DDB0 /* Texture */ = {
			isa = PBXGroup;
			children = (
				6CC8565B1D5258AF0012DDB0 /* Texture.h */,
				6CC8565C1D5258AF0012DDB0 /* Texture.cpp */,
			);
			path = Texture;
			sourceTree = "<group>";
		};
		6CCDA28F1DDD000100B20A49 /* EffectProcessors */ = {
			isa = PBXGroup;
			children = (
				6CCDA2921DDD002C00B20A49 /* MTBlastProcessor.h */,
				6CCDA2931DDD002C00B20A49 /* MTBlastProcessor.mm */,
			);
			path = EffectProcessors;
			sourceTree = "<group>";
		};
		6CCDA2951DDD1DAD00B20A49 /* UtilsObjc */ = {
			isa = PBXGroup;
			children = (
				6CCDA2991DDD1E1A00B20A49 /* NSImage+Utils.h */,
				6CCDA29A1DDD1E1A00B20A49 /* NSImage+Utils.m */,
			);
			path = UtilsObjc;
			sourceTree = "<group>";
		};
		6CD0CAC91E2C35CC000CBFC3 /* Frameworks */ = {
			isa = PBXGroup;
			children = (
				6CE847712291662B008EDD9D /* GLKit.framework */,
				6CD0CACA1E2C35CC000CBFC3 /* OpenGL.framework */,
			);
			name = Frameworks;
			sourceTree = "<group>";
		};
		6CE84711229056A3008EDD9D /* Vendors */ = {
			isa = PBXGroup;
			children = (
				6CE84712229056B1008EDD9D /* assimp4 */,
			);
			path = Vendors;
			sourceTree = "<group>";
		};
		6CE84712229056B1008EDD9D /* assimp4 */ = {
			isa = PBXGroup;
			children = (
				6CE8474A229056B1008EDD9D /* libassimp.4.1.0.dylib */,
			);
			path = assimp4;
			sourceTree = "<group>";
		};
		6CE8475D229103A2008EDD9D /* AssimpScene */ = {
			isa = PBXGroup;
			children = (
				6CE8475A2290FC78008EDD9D /* AssimpView.h */,
				6CE8475B2290FC78008EDD9D /* AssimpView.mm */,
				6CE8475E229103B6008EDD9D /* AssimpScene.h */,
				6CE8475F229103B6008EDD9D /* AssimpScene.mm */,
				6CE847612291061D008EDD9D /* AssimpNodeView.h */,
				6CE847622291061D008EDD9D /* AssimpNodeView.mm */,
				6CE8476622910666008EDD9D /* AssimpNodeView.xib */,
			);
			path = AssimpScene;
			sourceTree = "<group>";
		};
		6CE84768229107A3008EDD9D /* Misc */ = {
			isa = PBXGroup;
			children = (
				6CE84769229107B8008EDD9D /* MTProcessSettings.h */,
				6CE8476A229107B8008EDD9D /* MTProcessSettings.m */,
			);
			path = Misc;
			sourceTree = "<group>";
		};
		6CEC95741E2B050800DBD1AA /* SequenceProcessors */ = {
			isa = PBXGroup;
			children = (
				6CEC95751E2B053100DBD1AA /* MTSequenceFrameSubstractor.h */,
				6CEC95761E2B053100DBD1AA /* MTSequenceFrameSubstractor.mm */,
			);
			path = SequenceProcessors;
			sourceTree = "<group>";
		};
/* End PBXGroup section */

/* Begin PBXNativeTarget section */
		415D7717243997AD00874F28 /* maxtouchToolTests */ = {
			isa = PBXNativeTarget;
			buildConfigurationList = 415D7723243997AD00874F28 /* Build configuration list for PBXNativeTarget "maxtouchToolTests" */;
			buildPhases = (
				415D7714243997AD00874F28 /* Sources */,
				415D7715243997AD00874F28 /* Frameworks */,
				415D7716243997AD00874F28 /* Resources */,
			);
			buildRules = (
			);
			dependencies = (
				415D771E243997AD00874F28 /* PBXTargetDependency */,
			);
			name = maxtouchToolTests;
			productName = maxtouchToolTests;
			productReference = 415D7718243997AD00874F28 /* maxtouchToolTests.xctest */;
			productType = "com.apple.product-type.bundle.unit-test";
		};
		6CC856441D52578A0012DDB0 /* maxtouchTool */ = {
			isa = PBXNativeTarget;
			buildConfigurationList = 6CC856561D52578A0012DDB0 /* Build configuration list for PBXNativeTarget "maxtouchTool" */;
			buildPhases = (
				6CC856411D52578A0012DDB0 /* Sources */,
				6CC856421D52578A0012DDB0 /* Frameworks */,
				6CC856431D52578A0012DDB0 /* Resources */,
				6CE84756229056CD008EDD9D /* Embed Libraries */,
			);
			buildRules = (
			);
			dependencies = (
				6C833C151D62243A009ECC29 /* PBXTargetDependency */,
			);
			name = maxtouchTool;
			productName = maxtouchTool;
			productReference = 6CC856451D52578A0012DDB0 /* maxtouchTool.app */;
			productType = "com.apple.product-type.application";
		};
/* End PBXNativeTarget section */

/* Begin PBXProject section */
		6CC8563D1D5257890012DDB0 /* Project object */ = {
			isa = PBXProject;
			attributes = {
				LastUpgradeCheck = 0730;
				ORGANIZATIONNAME = katekovanton;
				TargetAttributes = {
					415D7717243997AD00874F28 = {
						CreatedOnToolsVersion = 11.3.1;
						DevelopmentTeam = C85PE3Z934;
						ProvisioningStyle = Automatic;
						TestTargetID = 6CC856441D52578A0012DDB0;
					};
					6CC856441D52578A0012DDB0 = {
						CreatedOnToolsVersion = 7.3.1;
					};
				};
			};
			buildConfigurationList = 6CC856401D5257890012DDB0 /* Build configuration list for PBXProject "maxtouchTool" */;
			compatibilityVersion = "Xcode 3.2";
			developmentRegion = English;
			hasScannedForEncodings = 0;
			knownRegions = (
				English,
				en,
				Base,
			);
			mainGroup = 6CC8563C1D5257890012DDB0;
			productRefGroup = 6CC856461D52578A0012DDB0 /* Products */;
			projectDirPath = "";
			projectReferences = (
				{
					ProductGroup = 6C833B621D6223A2009ECC29 /* Products */;
					ProjectRef = 6C833B611D6223A2009ECC29 /* libpng.xcodeproj */;
				},
			);
			projectRoot = "";
			targets = (
				6CC856441D52578A0012DDB0 /* maxtouchTool */,
				415D7717243997AD00874F28 /* maxtouchToolTests */,
			);
		};
/* End PBXProject section */

/* Begin PBXReferenceProxy section */
		6C833BF21D6223A2009ECC29 /* liblibpng.a */ = {
			isa = PBXReferenceProxy;
			fileType = archive.ar;
			path = liblibpng.a;
			remoteRef = 6C833BF11D6223A2009ECC29 /* PBXContainerItemProxy */;
			sourceTree = BUILT_PRODUCTS_DIR;
		};
		6C833BF41D6223A2009ECC29 /* libpngTests.xctest */ = {
			isa = PBXReferenceProxy;
			fileType = wrapper.cfbundle;
			path = libpngTests.xctest;
			remoteRef = 6C833BF31D6223A2009ECC29 /* PBXContainerItemProxy */;
			sourceTree = BUILT_PRODUCTS_DIR;
		};
		6C833C121D62242E009ECC29 /* liblibpngOSX.a */ = {
			isa = PBXReferenceProxy;
			fileType = archive.ar;
			path = liblibpngOSX.a;
			remoteRef = 6C833C111D62242E009ECC29 /* PBXContainerItemProxy */;
			sourceTree = BUILT_PRODUCTS_DIR;
		};
/* End PBXReferenceProxy section */

/* Begin PBXResourcesBuildPhase section */
		415D7716243997AD00874F28 /* Resources */ = {
			isa = PBXResourcesBuildPhase;
			buildActionMask = 2147483647;
			files = (
				41887E3C2A7020FB006D1845 /* sconscript in Resources */,
				41887E422A7020FB006D1845 /* json_internalarray.inl in Resources */,
				41887E222A701F56006D1845 /* SCBase_s0.png in Resources */,
				41887E382A7020FB006D1845 /* json_internalmap.inl in Resources */,
				41887E402A7020FB006D1845 /* json_valueiterator.inl in Resources */,
			);
			runOnlyForDeploymentPostprocessing = 0;
		};
		6CC856431D52578A0012DDB0 /* Resources */ = {
			isa = PBXResourcesBuildPhase;
			buildActionMask = 2147483647;
			files = (
				41887E3B2A7020FB006D1845 /* sconscript in Resources */,
				41887E3F2A7020FB006D1845 /* json_valueiterator.inl in Resources */,
				41887E372A7020FB006D1845 /* json_internalmap.inl in Resources */,
				6CE8476722910666008EDD9D /* AssimpNodeView.xib in Resources */,
				41887E412A7020FB006D1845 /* json_internalarray.inl in Resources */,
				6CC8564F1D52578A0012DDB0 /* Assets.xcassets in Resources */,
				6CC856521D52578A0012DDB0 /* MainMenu.xib in Resources */,
				41887E212A701F56006D1845 /* SCBase_s0.png in Resources */,
			);
			runOnlyForDeploymentPostprocessing = 0;
		};
/* End PBXResourcesBuildPhase section */

/* Begin PBXSourcesBuildPhase section */
		415D7714243997AD00874F28 /* Sources */ = {
			isa = PBXSourcesBuildPhase;
			buildActionMask = 2147483647;
			files = (
				41887E3A2A7020FB006D1845 /* json_reader.cpp in Sources */,
				41887E3E2A7020FB006D1845 /* json_value.cpp in Sources */,
				415D771B243997AD00874F28 /* maxtouchToolTests.mm in Sources */,
				41887E1B2A701A8A006D1845 /* MCShadowComposer.cpp in Sources */,
				41887E4A2A7023FD006D1845 /* MCDiffuseComposer.cpp in Sources */,
				41887E362A7020FB006D1845 /* json_writer.cpp in Sources */,
				41887E462A702289006D1845 /* MCLightComposer.cpp in Sources */,
				41887E1F2A701AD5006D1845 /* MCImage.cpp in Sources */,
			);
			runOnlyForDeploymentPostprocessing = 0;
		};
		6CC856411D52578A0012DDB0 /* Sources */ = {
			isa = PBXSourcesBuildPhase;
			buildActionMask = 2147483647;
			files = (
				6C833C3D1D62254D009ECC29 /* gzwrite.c in Sources */,
				6CC8565D1D5258AF0012DDB0 /* Texture.cpp in Sources */,
				6CE847632291061D008EDD9D /* AssimpNodeView.mm in Sources */,
				6C833C431D62254D009ECC29 /* uncompr.c in Sources */,
				41887E452A702289006D1845 /* MCLightComposer.cpp in Sources */,
				6C833C3A1D62254D009ECC29 /* gzclose.c in Sources */,
				6CCDA29B1DDD1E1A00B20A49 /* NSImage+Utils.m in Sources */,
				6CE8470E22905542008EDD9D /* StringUtils.cpp in Sources */,
				6B87EA442014AC0A003D5321 /* ByteBuffer.cpp in Sources */,
				6CE8470A2290549A008EDD9D /* BinaryWriterMemory.cpp in Sources */,
				6C833C421D62254D009ECC29 /* trees.c in Sources */,
				41887E492A7023FD006D1845 /* MCDiffuseComposer.cpp in Sources */,
				6CE8475C2290FC78008EDD9D /* AssimpView.mm in Sources */,
				6C3531B41DCFE19000A2F525 /* MTDiffuseComposer.mm in Sources */,
				6C833C3C1D62254D009ECC29 /* gzread.c in Sources */,
				6C423E4E1D5C82C9001882E5 /* BitmapComposer.cpp in Sources */,
				6B87EA422014AC0A003D5321 /* BitmapTexture.cpp in Sources */,
				6CE847082290549A008EDD9D /* BinaryWriter.cpp in Sources */,
				6C833AB81D5F75EB009ECC29 /* MTShadowComposer.mm in Sources */,
				6CE8471022905613008EDD9D /* FileManager.cpp in Sources */,
				41887E3D2A7020FB006D1845 /* json_value.cpp in Sources */,
				6C833C371D62254D009ECC29 /* compress.c in Sources */,
				41887E352A7020FB006D1845 /* json_writer.cpp in Sources */,
				41887E1E2A701AD5006D1845 /* MCImage.cpp in Sources */,
				6C833C3E1D62254D009ECC29 /* infback.c in Sources */,
				6C833C381D62254D009ECC29 /* crc32.c in Sources */,
				6C833C441D62254D009ECC29 /* zutil.c in Sources */,
				6C4D07EF1D526C2C00C055AC /* MTVisualObject.mm in Sources */,
				6C833C3F1D62254D009ECC29 /* inffast.c in Sources */,
				41887E392A7020FB006D1845 /* json_reader.cpp in Sources */,
				6CBE49151E1DE63000516F8A /* CPPTextureImplNSBitmapImageRep.mm in Sources */,
				6C833C411D62254D009ECC29 /* inftrees.c in Sources */,
				41887E1A2A701A8A006D1845 /* MCShadowComposer.cpp in Sources */,
				6B87EA432014AC0A003D5321 /* ZipWrapper.cpp in Sources */,
				6CE8476B229107B8008EDD9D /* MTProcessSettings.m in Sources */,
				6CC8564D1D52578A0012DDB0 /* main.m in Sources */,
				6CE84760229103B6008EDD9D /* AssimpScene.mm in Sources */,
				6C833BEE1D6223A2009ECC29 /* LibpngWrapper.cpp in Sources */,
				6CEC95771E2B053100DBD1AA /* MTSequenceFrameSubstractor.mm in Sources */,
				6CE847092290549A008EDD9D /* BinaryReader.cpp in Sources */,
				6C833C391D62254D009ECC29 /* deflate.c in Sources */,
				6C83C1EB1D58F08300898B7E /* MTVisualObjectController.mm in Sources */,
				6C833C401D62254D009ECC29 /* inflate.c in Sources */,
				6C833C3B1D62254D009ECC29 /* gzlib.c in Sources */,
				6C4D07EB1D526BAA00C055AC /* MainWindow.mm in Sources */,
				6C77ED4D1D65FDDC003FB5BC /* MTLightComposer.mm in Sources */,
				6CC8564A1D52578A0012DDB0 /* AppDelegate.mm in Sources */,
				6CCDA2941DDD002C00B20A49 /* MTBlastProcessor.mm in Sources */,
				6C833C361D62254D009ECC29 /* adler32.c in Sources */,
			);
			runOnlyForDeploymentPostprocessing = 0;
		};
/* End PBXSourcesBuildPhase section */

/* Begin PBXTargetDependency section */
		415D771E243997AD00874F28 /* PBXTargetDependency */ = {
			isa = PBXTargetDependency;
			target = 6CC856441D52578A0012DDB0 /* maxtouchTool */;
			targetProxy = 415D771D243997AD00874F28 /* PBXContainerItemProxy */;
		};
		6C833C151D62243A009ECC29 /* PBXTargetDependency */ = {
			isa = PBXTargetDependency;
			name = libpngOSX;
			targetProxy = 6C833C141D62243A009ECC29 /* PBXContainerItemProxy */;
		};
/* End PBXTargetDependency section */

/* Begin PBXVariantGroup section */
		6CC856501D52578A0012DDB0 /* MainMenu.xib */ = {
			isa = PBXVariantGroup;
			children = (
				6CC856511D52578A0012DDB0 /* Base */,
			);
			name = MainMenu.xib;
			sourceTree = "<group>";
		};
/* End PBXVariantGroup section */

/* Begin XCBuildConfiguration section */
		415D771F243997AD00874F28 /* Debug */ = {
			isa = XCBuildConfiguration;
			buildSettings = {
				BUNDLE_LOADER = "$(TEST_HOST)";
				CLANG_ANALYZER_NUMBER_OBJECT_CONVERSION = YES_AGGRESSIVE;
				CLANG_CXX_LANGUAGE_STANDARD = "gnu++14";
				CLANG_ENABLE_OBJC_WEAK = YES;
				CLANG_WARN_BLOCK_CAPTURE_AUTORELEASING = YES;
				CLANG_WARN_COMMA = YES;
				CLANG_WARN_DEPRECATED_OBJC_IMPLEMENTATIONS = YES;
				CLANG_WARN_DOCUMENTATION_COMMENTS = YES;
				CLANG_WARN_INFINITE_RECURSION = YES;
				CLANG_WARN_NON_LITERAL_NULL_CONVERSION = YES;
				CLANG_WARN_OBJC_IMPLICIT_RETAIN_SELF = YES;
				CLANG_WARN_OBJC_LITERAL_CONVERSION = YES;
				CLANG_WARN_RANGE_LOOP_ANALYSIS = YES;
				CLANG_WARN_STRICT_PROTOTYPES = YES;
				CLANG_WARN_SUSPICIOUS_MOVE = YES;
				CLANG_WARN_UNGUARDED_AVAILABILITY = YES_AGGRESSIVE;
				CODE_SIGN_STYLE = Automatic;
				COMBINE_HIDPI_IMAGES = YES;
				DEVELOPMENT_TEAM = C85PE3Z934;
				GCC_C_LANGUAGE_STANDARD = gnu11;
				INFOPLIST_FILE = maxtouchToolTests/Info.plist;
				LD_RUNPATH_SEARCH_PATHS = "$(inherited) @executable_path/../Frameworks @loader_path/../Frameworks";
				MACOSX_DEPLOYMENT_TARGET = 10.15;
				MTL_ENABLE_DEBUG_INFO = INCLUDE_SOURCE;
				MTL_FAST_MATH = YES;
				PRODUCT_BUNDLE_IDENTIFIER = com.katekovanton.maxtouchToolTests;
				PRODUCT_NAME = "$(TARGET_NAME)";
				TEST_HOST = "$(BUILT_PRODUCTS_DIR)/maxtouchTool.app/Contents/MacOS/maxtouchTool";
			};
			name = Debug;
		};
		415D7720243997AD00874F28 /* Release */ = {
			isa = XCBuildConfiguration;
			buildSettings = {
				BUNDLE_LOADER = "$(TEST_HOST)";
				CLANG_ANALYZER_NUMBER_OBJECT_CONVERSION = YES_AGGRESSIVE;
				CLANG_CXX_LANGUAGE_STANDARD = "gnu++14";
				CLANG_ENABLE_OBJC_WEAK = YES;
				CLANG_WARN_BLOCK_CAPTURE_AUTORELEASING = YES;
				CLANG_WARN_COMMA = YES;
				CLANG_WARN_DEPRECATED_OBJC_IMPLEMENTATIONS = YES;
				CLANG_WARN_DOCUMENTATION_COMMENTS = YES;
				CLANG_WARN_INFINITE_RECURSION = YES;
				CLANG_WARN_NON_LITERAL_NULL_CONVERSION = YES;
				CLANG_WARN_OBJC_IMPLICIT_RETAIN_SELF = YES;
				CLANG_WARN_OBJC_LITERAL_CONVERSION = YES;
				CLANG_WARN_RANGE_LOOP_ANALYSIS = YES;
				CLANG_WARN_STRICT_PROTOTYPES = YES;
				CLANG_WARN_SUSPICIOUS_MOVE = YES;
				CLANG_WARN_UNGUARDED_AVAILABILITY = YES_AGGRESSIVE;
				CODE_SIGN_STYLE = Automatic;
				COMBINE_HIDPI_IMAGES = YES;
				DEVELOPMENT_TEAM = C85PE3Z934;
				GCC_C_LANGUAGE_STANDARD = gnu11;
				INFOPLIST_FILE = maxtouchToolTests/Info.plist;
				LD_RUNPATH_SEARCH_PATHS = "$(inherited) @executable_path/../Frameworks @loader_path/../Frameworks";
				MACOSX_DEPLOYMENT_TARGET = 10.15;
				MTL_FAST_MATH = YES;
				PRODUCT_BUNDLE_IDENTIFIER = com.katekovanton.maxtouchToolTests;
				PRODUCT_NAME = "$(TARGET_NAME)";
				TEST_HOST = "$(BUILT_PRODUCTS_DIR)/maxtouchTool.app/Contents/MacOS/maxtouchTool";
			};
			name = Release;
		};
		6CC856541D52578A0012DDB0 /* Debug */ = {
			isa = XCBuildConfiguration;
			buildSettings = {
				ALWAYS_SEARCH_USER_PATHS = NO;
				CLANG_ANALYZER_NONNULL = YES;
				CLANG_CXX_LANGUAGE_STANDARD = "gnu++0x";
				CLANG_CXX_LIBRARY = "libc++";
				CLANG_ENABLE_MODULES = YES;
				CLANG_ENABLE_OBJC_ARC = YES;
				CLANG_WARN_BOOL_CONVERSION = YES;
				CLANG_WARN_CONSTANT_CONVERSION = YES;
				CLANG_WARN_DIRECT_OBJC_ISA_USAGE = YES_ERROR;
				CLANG_WARN_EMPTY_BODY = YES;
				CLANG_WARN_ENUM_CONVERSION = YES;
				CLANG_WARN_INT_CONVERSION = YES;
				CLANG_WARN_OBJC_ROOT_CLASS = YES_ERROR;
				CLANG_WARN_UNREACHABLE_CODE = YES;
				CLANG_WARN__DUPLICATE_METHOD_MATCH = YES;
				CODE_SIGN_IDENTITY = "-";
				COPY_PHASE_STRIP = NO;
				DEBUG_INFORMATION_FORMAT = dwarf;
				ENABLE_STRICT_OBJC_MSGSEND = YES;
				ENABLE_TESTABILITY = YES;
				GCC_C_LANGUAGE_STANDARD = gnu99;
				GCC_DYNAMIC_NO_PIC = NO;
				GCC_NO_COMMON_BLOCKS = YES;
				GCC_OPTIMIZATION_LEVEL = 0;
				GCC_PREPROCESSOR_DEFINITIONS = (
					"DEBUG=1",
					"$(inherited)",
				);
				GCC_WARN_64_TO_32_BIT_CONVERSION = YES;
				GCC_WARN_ABOUT_RETURN_TYPE = YES_ERROR;
				GCC_WARN_UNDECLARED_SELECTOR = YES;
				GCC_WARN_UNINITIALIZED_AUTOS = YES_AGGRESSIVE;
				GCC_WARN_UNUSED_FUNCTION = YES;
				GCC_WARN_UNUSED_VARIABLE = YES;
				MACOSX_DEPLOYMENT_TARGET = 10.11;
				MTL_ENABLE_DEBUG_INFO = YES;
				ONLY_ACTIVE_ARCH = YES;
				SDKROOT = macosx;
			};
			name = Debug;
		};
		6CC856551D52578A0012DDB0 /* Release */ = {
			isa = XCBuildConfiguration;
			buildSettings = {
				ALWAYS_SEARCH_USER_PATHS = NO;
				CLANG_ANALYZER_NONNULL = YES;
				CLANG_CXX_LANGUAGE_STANDARD = "gnu++0x";
				CLANG_CXX_LIBRARY = "libc++";
				CLANG_ENABLE_MODULES = YES;
				CLANG_ENABLE_OBJC_ARC = YES;
				CLANG_WARN_BOOL_CONVERSION = YES;
				CLANG_WARN_CONSTANT_CONVERSION = YES;
				CLANG_WARN_DIRECT_OBJC_ISA_USAGE = YES_ERROR;
				CLANG_WARN_EMPTY_BODY = YES;
				CLANG_WARN_ENUM_CONVERSION = YES;
				CLANG_WARN_INT_CONVERSION = YES;
				CLANG_WARN_OBJC_ROOT_CLASS = YES_ERROR;
				CLANG_WARN_UNREACHABLE_CODE = YES;
				CLANG_WARN__DUPLICATE_METHOD_MATCH = YES;
				CODE_SIGN_IDENTITY = "-";
				COPY_PHASE_STRIP = NO;
				DEBUG_INFORMATION_FORMAT = "dwarf-with-dsym";
				ENABLE_NS_ASSERTIONS = NO;
				ENABLE_STRICT_OBJC_MSGSEND = YES;
				GCC_C_LANGUAGE_STANDARD = gnu99;
				GCC_NO_COMMON_BLOCKS = YES;
				GCC_WARN_64_TO_32_BIT_CONVERSION = YES;
				GCC_WARN_ABOUT_RETURN_TYPE = YES_ERROR;
				GCC_WARN_UNDECLARED_SELECTOR = YES;
				GCC_WARN_UNINITIALIZED_AUTOS = YES_AGGRESSIVE;
				GCC_WARN_UNUSED_FUNCTION = YES;
				GCC_WARN_UNUSED_VARIABLE = YES;
				MACOSX_DEPLOYMENT_TARGET = 10.11;
				MTL_ENABLE_DEBUG_INFO = NO;
				SDKROOT = macosx;
			};
			name = Release;
		};
		6CC856571D52578A0012DDB0 /* Debug */ = {
			isa = XCBuildConfiguration;
			buildSettings = {
				ASSETCATALOG_COMPILER_APPICON_NAME = AppIcon;
				COMBINE_HIDPI_IMAGES = YES;
				GCC_PREPROCESSOR_DEFINITIONS = (
					"DEBUG=1",
					"$(inherited)",
					TARGET_OS_MAC,
				);
				HEADER_SEARCH_PATHS = "$(PROJECT_DIR)/maxtouchTool/Vendors/assimp4/include";
				INFOPLIST_FILE = maxtouchTool/Info.plist;
				LD_RUNPATH_SEARCH_PATHS = "$(inherited) @executable_path/../Frameworks";
				LIBRARY_SEARCH_PATHS = (
					"$(inherited)",
					"$(PROJECT_DIR)/maxtouchTool/Utils/libpng/build/Debug-iphonesimulator",
					"$(PROJECT_DIR)/maxtouchTool/Utils/libpng/build/libpng.build/Debug-iphonesimulator/libpng.build/Objects-normal/i386",
					"$(PROJECT_DIR)/maxtouchTool/Utils/libpng/build/libpng.build/Debug-iphonesimulator/libpng.build/Objects-normal/x86_64",
					"$(PROJECT_DIR)/maxtouchTool/Vendors/assimp4",
				);
				PRODUCT_BUNDLE_IDENTIFIER = com.katekovanton.maxtouchTool;
				PRODUCT_NAME = "$(TARGET_NAME)";
			};
			name = Debug;
		};
		6CC856581D52578A0012DDB0 /* Release */ = {
			isa = XCBuildConfiguration;
			buildSettings = {
				ASSETCATALOG_COMPILER_APPICON_NAME = AppIcon;
				COMBINE_HIDPI_IMAGES = YES;
				GCC_PREPROCESSOR_DEFINITIONS = TARGET_OS_MAC;
				HEADER_SEARCH_PATHS = "$(PROJECT_DIR)/maxtouchTool/Vendors/assimp4/include";
				INFOPLIST_FILE = maxtouchTool/Info.plist;
				LD_RUNPATH_SEARCH_PATHS = "$(inherited) @executable_path/../Frameworks";
				LIBRARY_SEARCH_PATHS = (
					"$(inherited)",
					"$(PROJECT_DIR)/maxtouchTool/Utils/libpng/build/Debug-iphonesimulator",
					"$(PROJECT_DIR)/maxtouchTool/Utils/libpng/build/libpng.build/Debug-iphonesimulator/libpng.build/Objects-normal/i386",
					"$(PROJECT_DIR)/maxtouchTool/Utils/libpng/build/libpng.build/Debug-iphonesimulator/libpng.build/Objects-normal/x86_64",
					"$(PROJECT_DIR)/maxtouchTool/Vendors/assimp4",
				);
				PRODUCT_BUNDLE_IDENTIFIER = com.katekovanton.maxtouchTool;
				PRODUCT_NAME = "$(TARGET_NAME)";
			};
			name = Release;
		};
/* End XCBuildConfiguration section */

/* Begin XCConfigurationList section */
		415D7723243997AD00874F28 /* Build configuration list for PBXNativeTarget "maxtouchToolTests" */ = {
			isa = XCConfigurationList;
			buildConfigurations = (
				415D771F243997AD00874F28 /* Debug */,
				415D7720243997AD00874F28 /* Release */,
			);
			defaultConfigurationIsVisible = 0;
			defaultConfigurationName = Release;
		};
		6CC856401D5257890012DDB0 /* Build configuration list for PBXProject "maxtouchTool" */ = {
			isa = XCConfigurationList;
			buildConfigurations = (
				6CC856541D52578A0012DDB0 /* Debug */,
				6CC856551D52578A0012DDB0 /* Release */,
			);
			defaultConfigurationIsVisible = 0;
			defaultConfigurationName = Release;
		};
		6CC856561D52578A0012DDB0 /* Build configuration list for PBXNativeTarget "maxtouchTool" */ = {
			isa = XCConfigurationList;
			buildConfigurations = (
				6CC856571D52578A0012DDB0 /* Debug */,
				6CC856581D52578A0012DDB0 /* Release */,
			);
			defaultConfigurationIsVisible = 0;
			defaultConfigurationName = Release;
		};
/* End XCConfigurationList section */
	};
	rootObject = 6CC8563D1D5257890012DDB0 /* Project object */;
}
